
Microsoft Visual Studio Solution File, Format Version 12.00
# Visual Studio 15
VisualStudioVersion = 15.0.26730.3
MinimumVisualStudioVersion = 10.0.40219.1
Project("{9A19103F-16F7-4668-BE54-9A1E7A4F7556}") = "Blockly.Core", "Blockly.Core\Blockly.Core.csproj", "{71FB5CFD-70FC-474B-BB17-245D2EE3EF4A}"
EndProject
Project("{9A19103F-16F7-4668-BE54-9A1E7A4F7556}") = "Blockly.Api", "Blockly.Api\Blockly.Api.csproj", "{A6B408CA-B2BD-4597-BDA5-3311EB026E8B}"
EndProject
Global
	GlobalSection(SolutionConfigurationPlatforms) = preSolution
		Debug|Any CPU = Debug|Any CPU
		Release|Any CPU = Release|Any CPU
	EndGlobalSection
	GlobalSection(ProjectConfigurationPlatforms) = postSolution
		{71FB5CFD-70FC-474B-BB17-245D2EE3EF4A}.Debug|Any CPU.ActiveCfg = Debug|Any CPU
		{71FB5CFD-70FC-474B-BB17-245D2EE3EF4A}.Debug|Any CPU.Build.0 = Debug|Any CPU
		{71FB5CFD-70FC-474B-BB17-245D2EE3EF4A}.Release|Any CPU.ActiveCfg = Release|Any CPU
		{71FB5CFD-70FC-474B-BB17-245D2EE3EF4A}.Release|Any CPU.Build.0 = Release|Any CPU
		{A6B408CA-B2BD-4597-BDA5-3311EB026E8B}.Debug|Any CPU.ActiveCfg = Debug|Any CPU
		{A6B408CA-B2BD-4597-BDA5-3311EB026E8B}.Debug|Any CPU.Build.0 = Debug|Any CPU
		{A6B408CA-B2BD-4597-BDA5-3311EB026E8B}.Release|Any CPU.ActiveCfg = Release|Any CPU
		{A6B408CA-B2BD-4597-BDA5-3311EB026E8B}.Release|Any CPU.Build.0 = Release|Any CPU
	EndGlobalSection
	GlobalSection(SolutionProperties) = preSolution
		HideSolutionNode = FALSE
	EndGlobalSection
	GlobalSection(ExtensibilityGlobals) = postSolution
		SolutionGuid = {0AE9337C-C380-416D-876C-769747539C70}
	EndGlobalSection
EndGlobal
